
Microsoft Visual Studio Solution File, Format Version 12.00
# Visual Studio Version 17
VisualStudioVersion = 17.7.34202.233
MinimumVisualStudioVersion = 10.0.40219.1
Project("{FAE04EC0-301F-11D3-BF4B-00C04F79EFBC}") = "SOMIODMiddleware", "SOMIODMiddleware\SOMIODMiddleware.csproj", "{899EB29A-B75A-4374-8F91-D53F75105642}"
EndProject
Project("{FAE04EC0-301F-11D3-BF4B-00C04F79EFBC}") = "AppA", "AppA\AppA.csproj", "{461B52C1-77D8-46E2-A6D9-47587EE557D6}"
EndProject
Project("{FAE04EC0-301F-11D3-BF4B-00C04F79EFBC}") = "AppB", "AppB\AppB.csproj", "{354AA65B-CC9F-40F8-A86B-530C8D82055E}"
EndProject
Global
	GlobalSection(SolutionConfigurationPlatforms) = preSolution
		Debug|Any CPU = Debug|Any CPU
		Release|Any CPU = Release|Any CPU
	EndGlobalSection
	GlobalSection(ProjectConfigurationPlatforms) = postSolution
		{899EB29A-B75A-4374-8F91-D53F75105642}.Debug|Any CPU.ActiveCfg = Debug|Any CPU
		{899EB29A-B75A-4374-8F91-D53F75105642}.Debug|Any CPU.Build.0 = Debug|Any CPU
		{899EB29A-B75A-4374-8F91-D53F75105642}.Release|Any CPU.ActiveCfg = Release|Any CPU
		{899EB29A-B75A-4374-8F91-D53F75105642}.Release|Any CPU.Build.0 = Release|Any CPU
		{461B52C1-77D8-46E2-A6D9-47587EE557D6}.Debug|Any CPU.ActiveCfg = Debug|Any CPU
		{461B52C1-77D8-46E2-A6D9-47587EE557D6}.Debug|Any CPU.Build.0 = Debug|Any CPU
		{461B52C1-77D8-46E2-A6D9-47587EE557D6}.Release|Any CPU.ActiveCfg = Release|Any CPU
		{461B52C1-77D8-46E2-A6D9-47587EE557D6}.Release|Any CPU.Build.0 = Release|Any CPU
		{354AA65B-CC9F-40F8-A86B-530C8D82055E}.Debug|Any CPU.ActiveCfg = Debug|Any CPU
		{354AA65B-CC9F-40F8-A86B-530C8D82055E}.Debug|Any CPU.Build.0 = Debug|Any CPU
		{354AA65B-CC9F-40F8-A86B-530C8D82055E}.Release|Any CPU.ActiveCfg = Release|Any CPU
		{354AA65B-CC9F-40F8-A86B-530C8D82055E}.Release|Any CPU.Build.0 = Release|Any CPU
	EndGlobalSection
	GlobalSection(SolutionProperties) = preSolution
		HideSolutionNode = FALSE
	EndGlobalSection
	GlobalSection(ExtensibilityGlobals) = postSolution
		SolutionGuid = {96C04110-C4E6-4C7B-9EA0-C01085276525}
	EndGlobalSection
EndGlobal
